
Microsoft Visual Studio Solution File, Format Version 12.00
# Visual Studio Version 17
VisualStudioVersion = 17.9.34616.47
MinimumVisualStudioVersion = 10.0.40219.1
Project("{FAE04EC0-301F-11D3-BF4B-00C04F79EFBC}") = "ETLProject", "ETLProject\ETLProject.csproj", "{A36C5E53-E84C-4F90-A3FE-640B4CB41A6B}"
EndProject
Global
	GlobalSection(SolutionConfigurationPlatforms) = preSolution
		Debug|Any CPU = Debug|Any CPU
		Release|Any CPU = Release|Any CPU
	EndGlobalSection
	GlobalSection(ProjectConfigurationPlatforms) = postSolution
		{A36C5E53-E84C-4F90-A3FE-640B4CB41A6B}.Debug|Any CPU.ActiveCfg = Debug|Any CPU
		{A36C5E53-E84C-4F90-A3FE-640B4CB41A6B}.Debug|Any CPU.Build.0 = Debug|Any CPU
		{A36C5E53-E84C-4F90-A3FE-640B4CB41A6B}.Release|Any CPU.ActiveCfg = Release|Any CPU
		{A36C5E53-E84C-4F90-A3FE-640B4CB41A6B}.Release|Any CPU.Build.0 = Release|Any CPU
	EndGlobalSection
	GlobalSection(SolutionProperties) = preSolution
		HideSolutionNode = FALSE
	EndGlobalSection
	GlobalSection(ExtensibilityGlobals) = postSolution
		SolutionGuid = {51D4DDC9-243E-439C-9D3B-FB02F0F709A3}
	EndGlobalSection
EndGlobal
